
Microsoft Visual Studio Solution File, Format Version 12.00
# Visual Studio Version 17
VisualStudioVersion = 17.10.34707.107
MinimumVisualStudioVersion = 10.0.40219.1
Project("{FAE04EC0-301F-11D3-BF4B-00C04F79EFBC}") = "Valor", "Valor\Valor.csproj", "{8E8A3F84-3974-4DB4-BEB0-90C9AC7A144A}"
EndProject
Global
	GlobalSection(SolutionConfigurationPlatforms) = preSolution
		Debug|Any CPU = Debug|Any CPU
		Release|Any CPU = Release|Any CPU
	EndGlobalSection
	GlobalSection(ProjectConfigurationPlatforms) = postSolution
		{8E8A3F84-3974-4DB4-BEB0-90C9AC7A144A}.Debug|Any CPU.ActiveCfg = Debug|Any CPU
		{8E8A3F84-3974-4DB4-BEB0-90C9AC7A144A}.Debug|Any CPU.Build.0 = Debug|Any CPU
		{8E8A3F84-3974-4DB4-BEB0-90C9AC7A144A}.Release|Any CPU.ActiveCfg = Release|Any CPU
		{8E8A3F84-3974-4DB4-BEB0-90C9AC7A144A}.Release|Any CPU.Build.0 = Release|Any CPU
	EndGlobalSection
	GlobalSection(SolutionProperties) = preSolution
		HideSolutionNode = FALSE
	EndGlobalSection
	GlobalSection(ExtensibilityGlobals) = postSolution
		SolutionGuid = {4820601B-2C06-4A2A-8BA1-531E4484A491}
	EndGlobalSection
EndGlobal
