
Microsoft Visual Studio Solution File, Format Version 12.00
# Visual Studio Version 17
VisualStudioVersion = 17.10.34707.107
MinimumVisualStudioVersion = 10.0.40219.1
Project("{FAE04EC0-301F-11D3-BF4B-00C04F79EFBC}") = "Determinar", "Determinar\Determinar.csproj", "{B4A422AD-7269-4F22-96FF-F411616300EA}"
EndProject
Global
	GlobalSection(SolutionConfigurationPlatforms) = preSolution
		Debug|Any CPU = Debug|Any CPU
		Release|Any CPU = Release|Any CPU
	EndGlobalSection
	GlobalSection(ProjectConfigurationPlatforms) = postSolution
		{B4A422AD-7269-4F22-96FF-F411616300EA}.Debug|Any CPU.ActiveCfg = Debug|Any CPU
		{B4A422AD-7269-4F22-96FF-F411616300EA}.Debug|Any CPU.Build.0 = Debug|Any CPU
		{B4A422AD-7269-4F22-96FF-F411616300EA}.Release|Any CPU.ActiveCfg = Release|Any CPU
		{B4A422AD-7269-4F22-96FF-F411616300EA}.Release|Any CPU.Build.0 = Release|Any CPU
	EndGlobalSection
	GlobalSection(SolutionProperties) = preSolution
		HideSolutionNode = FALSE
	EndGlobalSection
	GlobalSection(ExtensibilityGlobals) = postSolution
		SolutionGuid = {D1802F2A-A348-43C0-B99A-6216AB8154A7}
	EndGlobalSection
EndGlobal
