
Microsoft Visual Studio Solution File, Format Version 12.00
# Visual Studio Version 17
VisualStudioVersion = 17.10.34707.107
MinimumVisualStudioVersion = 10.0.40219.1
Project("{FAE04EC0-301F-11D3-BF4B-00C04F79EFBC}") = "Numero", "Numero\Numero.csproj", "{C9110D66-630D-47CE-A047-43CE358258E3}"
EndProject
Global
	GlobalSection(SolutionConfigurationPlatforms) = preSolution
		Debug|Any CPU = Debug|Any CPU
		Release|Any CPU = Release|Any CPU
	EndGlobalSection
	GlobalSection(ProjectConfigurationPlatforms) = postSolution
		{C9110D66-630D-47CE-A047-43CE358258E3}.Debug|Any CPU.ActiveCfg = Debug|Any CPU
		{C9110D66-630D-47CE-A047-43CE358258E3}.Debug|Any CPU.Build.0 = Debug|Any CPU
		{C9110D66-630D-47CE-A047-43CE358258E3}.Release|Any CPU.ActiveCfg = Release|Any CPU
		{C9110D66-630D-47CE-A047-43CE358258E3}.Release|Any CPU.Build.0 = Release|Any CPU
	EndGlobalSection
	GlobalSection(SolutionProperties) = preSolution
		HideSolutionNode = FALSE
	EndGlobalSection
	GlobalSection(ExtensibilityGlobals) = postSolution
		SolutionGuid = {E9F62C54-51DB-4D8E-B18F-767B0CC3302C}
	EndGlobalSection
EndGlobal
